<?xml version="1.0" encoding="utf-8"?>
<Project ToolsVersion="4.0" xmlns="http://schemas.microsoft.com/developer/msbuild/2003">
  <ItemGroup>
    <Filter Include="Source Files">
      <UniqueIdentifier>{4FC737F1-C7A5-4376-A066-2A32D752A2FF}</UniqueIdentifier>
      <Extensions>cpp;c;cc;cxx;c++;cppm;ixx;def;odl;idl;hpj;bat;asm;asmx</Extensions>
    </Filter>
    <Filter Include="Header Files">
      <UniqueIdentifier>{93995380-89BD-4b04-88EB-625FBE52EBFB}</UniqueIdentifier>
      <Extensions>h;hh;hpp;hxx;h++;hm;inl;inc;ipp;xsd</Extensions>
    </Filter>
    <Filter Include="Resource Files">
      <UniqueIdentifier>{67DA6AB6-F800-4c08-8B7A-83BB121AAD01}</UniqueIdentifier>
      <Extensions>rc;ico;cur;bmp;dlg;rc2;rct;bin;rgs;gif;jpg;jpeg;jpe;resx;tiff;tif;png;wav;mfcribbon-ms</Extensions>
    </Filter>
  </ItemGroup>
  <ItemGroup>
    <ClInclude Include="src\cards.hpp">
      <Filter>Header Files</Filter>
    </ClInclude>
    <ClInclude Include="src\Fighter.h">
      <Filter>Header Files</Filter>
    </ClInclude>
    <ClInclude Include="src\Skill.h">
      <Filter>Header Files</Filter>
    </ClInclude>
    <ClInclude Include="src\Speech.h">
      <Filter>Header Files</Filter>
    </ClInclude>
    <ClInclude Include="src\Stealth.h">
      <Filter>Header Files</Filter>
    </ClInclude>
    <ClInclude Include="src\tools.hpp">
      <Filter>Header Files</Filter>
    </ClInclude>
    <ClInclude Include="src\Weapon.h">
      <Filter>Header Files</Filter>
    </ClInclude>
  </ItemGroup>
  <ItemGroup>
    <ClCompile Include="MainGame.cpp">
      <Filter>Source Files</Filter>
    </ClCompile>
    <ClCompile Include="src\cards.cpp">
      <Filter>Header Files</Filter>
    </ClCompile>
    <ClCompile Include="src\cards_test.cpp">
      <Filter>Header Files</Filter>
    </ClCompile>
    <ClCompile Include="src\Fighter.cpp">
      <Filter>Header Files</Filter>
    </ClCompile>
    <ClCompile Include="src\MainGame.cpp">
      <Filter>Header Files</Filter>
    </ClCompile>
    <ClCompile Include="src\Skill.cpp">
      <Filter>Header Files</Filter>
    </ClCompile>
    <ClCompile Include="src\Speech.cpp">
      <Filter>Header Files</Filter>
    </ClCompile>
    <ClCompile Include="src\Stealth.cpp">
      <Filter>Header Files</Filter>
    </ClCompile>
  </ItemGroup>
  <ItemGroup>
    <Text Include="english.txt">
      <Filter>Resource Files</Filter>
    </Text>
    <Text Include="src\english.txt">
      <Filter>Header Files</Filter>
    </Text>
  </ItemGroup>
</Project>